# This file is autogenerated, do not edit; changes may be undone by the next 'dep ensure'.


[[projects]]
  digest = "1:55d1a44ee5e75217224af913201bb5fdb0afe4769fc4853f32a35572c199cf29"
  name = "github.com/inconshreveable/log15"
  packages = ["term"]
  pruneopts = "T"
  revision = "67afb5ed74ec82fd7ac8f49d27c509ac6f991970"
  version = "v2.14"

[[projects]]
  digest = "1:b64ebd7eda61dcdfdb9282206709b425d93c826690f9680ea67c2e8432c0ffe8"
  name = "github.com/mattn/go-colorable"
  packages = ["."]
  pruneopts = "T"
  revision = "8029fb3788e5a4a9c00e415f586a6d033f5d38b3"
  version = "v0.1.2"

[[projects]]
  digest = "1:9b90c7639a41697f3d4ad12d7d67dfacc9a7a4a6e0bbfae4fc72d0da57c28871"
  name = "github.com/mattn/go-isatty"
  packages = ["."]
  pruneopts = "T"
  revision = "1311e847b0cb909da63b5fecfb5370aa66236465"
  version = "v0.0.8"

[[projects]]
  digest = "1:ecab10830125174d1fea81feb320240f9ecb31060998d0d019de546ec8e31ba7"
  name = "github.com/revel/cmd"
  packages = ["."]
  pruneopts = "T"
  revision = "be7bebd9629a37a51845b37c502a920d324ff867"
  version = "v0.20.2"

[[projects]]
  digest = "1:b966ac707f293c58ebff5689d7c240199044c5728d3df818ded0139b3256fbd5"
  name = "github.com/revel/config"
  packages = ["."]
  pruneopts = "T"
  revision = "a81c4105c36841d27e529f875b6062da7b8f986c"
  version = "v0.21.0"

[[projects]]
  digest = "1:5feca17db09c8862450c74a1fc0a3e5c56dcf7b5866eff623907f43554820b77"
  name = "github.com/revel/log15"
  packages = ["."]
  pruneopts = "T"
  revision = "793412a67da6f8d15fede4c38f5c66272478cb8a"
  version = "v2.11.20"

[[projects]]
  digest = "1:04a343093f76d611b8eb5f5fd3d577b894d2907edbe5be8f661f5a65c8dabb78"
  name = "github.com/revel/modules"
  packages = ["."]
  pruneopts = "T"
  revision = "6403ed92ef388a1ec746c08db8456397fc0b8f89"
  version = "v0.20.1"

[[projects]]
  branch = "master"
  digest = "1:a0812e773563f2e41afebf582088a86b0f01eb5bd794c19ecc1bce25820b1fa2"
  name = "github.com/revel/pathtree"
  packages = ["."]
  pruneopts = "T"
  revision = "41257a1839e945fce74afd070e02bab2ea2c776a"

[[projects]]
  digest = "1:f6c9d732866e17eacaa57cfc54a02013809de9e863197a86692134f15d3a153c"
  name = "github.com/revel/revel"
  packages = [
    ".",
    "logger",
    "testing",
  ]
  pruneopts = "T"
  revision = "fd65ef0defe5fa045524fd3319515793162a3628"
  version = "v0.20.0"

[[projects]]
  digest = "1:ffa6bd15109b4ad04ed01419ca6c0cf6e41afb335d84b68bb1251b24ec2353a2"
  name = "github.com/xeonx/timeago"
  packages = ["."]
  pruneopts = "T"
  revision = "4e7d8c1f9a433881f64a7f87f51e494186857982"
  version = "v1.0.0-rc4"

[[projects]]
  branch = "master"
  digest = "1:f0b37118f0f8ab50f5ab1720c27a73ee27e4cb6ae7e99c4a3b65e7921401415c"
  name = "golang.org/x/net"
  packages = ["websocket"]
  pruneopts = "T"
  revision = "d28f0bde5980168871434b95cfc858db9f2a7a99"

[[projects]]
  branch = "master"
  digest = "1:7070479eb637b6b9c1f811a11311ba5971672191f4f6d31582d834b12e185d08"
  name = "golang.org/x/sys"
  packages = ["unix"]
  pruneopts = "T"
  revision = "15dcb6c0061f497a3f66e3ea034b629c6dd4d99e"

[[projects]]
  digest = "1:7fc160b460a6fc506b37fcca68332464c3f2cd57b6e3f111f26c5bbfd2d5518e"
  name = "gopkg.in/fsnotify/fsnotify.v1"
  packages = ["."]
  pruneopts = "T"
  revision = "c2828203cd70a50dcccfb2761f8b1f8ceef9a8e9"
  version = "v1.4.7"

[[projects]]
  digest = "1:c805e517269b0ba4c21ded5836019ed7d16953d4026cb7d00041d039c7906be9"
  name = "gopkg.in/natefinch/lumberjack.v2"
  packages = ["."]
  pruneopts = "T"
  revision = "a96e63847dc3c67d17befa69c303767e2f84e54f"
  version = "v2.1"

[[projects]]
  branch = "v0"
  digest = "1:00d2943cfcfbb3dc043f6d8586d0db5a9e8507c36429babe8d5d1af8ee43a753"
  name = "gopkg.in/stack.v0"
  packages = ["."]
  pruneopts = "T"
  revision = "9b43fcefddd0178abdabf4d484ab0d695d0011db"

[solve-meta]
  analyzer-name = "dep"
  analyzer-version = 1
  input-imports = [
    "github.com/revel/cmd",
    "github.com/revel/modules",
    "github.com/revel/revel",
    "github.com/revel/revel/testing",
  ]
  solver-name = "gps-cdcl"
  solver-version = 1
